// !$*UTF8*$!
{
	archiveVersion = 1;
	classes = {
	};
	objectVersion = 50;
	objects = {

/* Begin PBXBuildFile section */
		3DDACC0A2219CC2000BBB7D3 /* AppDelegate.swift in Sources */ = {isa = PBXBuildFile; fileRef = 3DDACC092219CC2000BBB7D3 /* AppDelegate.swift */; };
		3DDACC0C2219CC2000BBB7D3 /* ViewController.swift in Sources */ = {isa = PBXBuildFile; fileRef = 3DDACC0B2219CC2000BBB7D3 /* ViewController.swift */; };
		3DDACC0F2219CC2000BBB7D3 /* Main.storyboard in Resources */ = {isa = PBXBuildFile; fileRef = 3DDACC0D2219CC2000BBB7D3 /* Main.storyboard */; };
		3DDACC112219CC2100BBB7D3 /* Assets.xcassets in Resources */ = {isa = PBXBuildFile; fileRef = 3DDACC102219CC2100BBB7D3 /* Assets.xcassets */; };
		3DDACC142219CC2100BBB7D3 /* LaunchScreen.storyboard in Resources */ = {isa = PBXBuildFile; fileRef = 3DDACC122219CC2100BBB7D3 /* LaunchScreen.storyboard */; };
		3DDACC212219D30000BBB7D3 /* TestModel.swift in Sources */ = {isa = PBXBuildFile; fileRef = 3DDACC202219D30000BBB7D3 /* TestModel.swift */; };
		3DDACC232219D50500BBB7D3 /* StaticClass.swift in Sources */ = {isa = PBXBuildFile; fileRef = 3DDACC222219D50500BBB7D3 /* StaticClass.swift */; };
/* End PBXBuildFile section */

/* Begin PBXFileReference section */
		3DDACC062219CC2000BBB7D3 /* TestMVC.app */ = {isa = PBXFileReference; explicitFileType = wrapper.application; includeInIndex = 0; path = TestMVC.app; sourceTree = BUILT_PRODUCTS_DIR; };
		3DDACC092219CC2000BBB7D3 /* AppDelegate.swift */ = {isa = PBXFileReference; lastKnownFileType = sourcecode.swift; path = AppDelegate.swift; sourceTree = "<group>"; };
		3DDACC0B2219CC2000BBB7D3 /* ViewController.swift */ = {isa = PBXFileReference; lastKnownFileType = sourcecode.swift; path = ViewController.swift; sourceTree = "<group>"; };
		3DDACC0E2219CC2000BBB7D3 /* Base */ = {isa = PBXFileReference; lastKnownFileType = file.storyboard; name = Base; path = Base.lproj/Main.storyboard; sourceTree = "<group>"; };
		3DDACC102219CC2100BBB7D3 /* Assets.xcassets */ = {isa = PBXFileReference; lastKnownFileType = folder.assetcatalog; path = Assets.xcassets; sourceTree = "<group>"; };
		3DDACC132219CC2100BBB7D3 /* Base */ = {isa = PBXFileReference; lastKnownFileType = file.storyboard; name = Base; path = Base.lproj/LaunchScreen.storyboard; sourceTree = "<group>"; };
		3DDACC152219CC2100BBB7D3 /* Info.plist */ = {isa = PBXFileReference; lastKnownFileType = text.plist.xml; path = Info.plist; sourceTree = "<group>"; };
		3DDACC202219D30000BBB7D3 /* TestModel.swift */ = {isa = PBXFileReference; lastKnownFileType = sourcecode.swift; path = TestModel.swift; sourceTree = "<group>"; };
		3DDACC222219D50500BBB7D3 /* StaticClass.swift */ = {isa = PBXFileReference; lastKnownFileType = sourcecode.swift; path = StaticClass.swift; sourceTree = "<group>"; };
/* End PBXFileReference section */

/* Begin PBXFrameworksBuildPhase section */
		3DDACC032219CC2000BBB7D3 /* Frameworks */ = {
			isa = PBXFrameworksBuildPhase;
			buildActionMask = 2147483647;
			files = (
			);
			runOnlyForDeploymentPostprocessing = 0;
		};
/* End PBXFrameworksBuildPhase section */

/* Begin PBXGroup section */
		3DDACBFD2219CC2000BBB7D3 = {
			isa = PBXGroup;
			children = (
				3DDACC082219CC2000BBB7D3 /* TestMVC */,
				3DDACC072219CC2000BBB7D3 /* Products */,
			);
			sourceTree = "<group>";
		};
		3DDACC072219CC2000BBB7D3 /* Products */ = {
			isa = PBXGroup;
			children = (
				3DDACC062219CC2000BBB7D3 /* TestMVC.app */,
			);
			name = Products;
			sourceTree = "<group>";
		};
		3DDACC082219CC2000BBB7D3 /* TestMVC */ = {
			isa = PBXGroup;
			children = (
				3DDACC242219D75E00BBB7D3 /* Extra */,
				3DDACC1E2219CC6500BBB7D3 /* Enums */,
				3DDACC1D2219CC5B00BBB7D3 /* Controllers */,
				3DDACC1B2219CC3900BBB7D3 /* Models */,
				3DDACC1C2219CC4800BBB7D3 /* Resources */,
				3DDACC152219CC2100BBB7D3 /* Info.plist */,
			);
			path = TestMVC;
			sourceTree = "<group>";
		};
		3DDACC1B2219CC3900BBB7D3 /* Models */ = {
			isa = PBXGroup;
			children = (
				3DDACC202219D30000BBB7D3 /* TestModel.swift */,
				3DDACC222219D50500BBB7D3 /* StaticClass.swift */,
			);
			path = Models;
			sourceTree = "<group>";
		};
		3DDACC1C2219CC4800BBB7D3 /* Resources */ = {
			isa = PBXGroup;
			children = (
				3DDACC0D2219CC2000BBB7D3 /* Main.storyboard */,
				3DDACC122219CC2100BBB7D3 /* LaunchScreen.storyboard */,
				3DDACC102219CC2100BBB7D3 /* Assets.xcassets */,
			);
			path = Resources;
			sourceTree = "<group>";
		};
		3DDACC1D2219CC5B00BBB7D3 /* Controllers */ = {
			isa = PBXGroup;
			children = (
				3DDACC1F2219CC7900BBB7D3 /* Login */,
				3DDACC092219CC2000BBB7D3 /* AppDelegate.swift */,
			);
			path = Controllers;
			sourceTree = "<group>";
		};
		3DDACC1E2219CC6500BBB7D3 /* Enums */ = {
			isa = PBXGroup;
			children = (
			);
			path = Enums;
			sourceTree = "<group>";
		};
		3DDACC1F2219CC7900BBB7D3 /* Login */ = {
			isa = PBXGroup;
			children = (
				3DDACC0B2219CC2000BBB7D3 /* ViewController.swift */,
			);
			path = Login;
			sourceTree = "<group>";
		};
		3DDACC242219D75E00BBB7D3 /* Extra */ = {
			isa = PBXGroup;
			children = (
			);
			path = Extra;
			sourceTree = "<group>";
		};
/* End PBXGroup section */

/* Begin PBXNativeTarget section */
		3DDACC052219CC2000BBB7D3 /* TestMVC */ = {
			isa = PBXNativeTarget;
			buildConfigurationList = 3DDACC182219CC2100BBB7D3 /* Build configuration list for PBXNativeTarget "TestMVC" */;
			buildPhases = (
				3DDACC022219CC2000BBB7D3 /* Sources */,
				3DDACC032219CC2000BBB7D3 /* Frameworks */,
				3DDACC042219CC2000BBB7D3 /* Resources */,
			);
			buildRules = (
			);
			dependencies = (
			);
			name = TestMVC;
			productName = TestMVCBahadir;
			productReference = 3DDACC062219CC2000BBB7D3 /* TestMVC.app */;
			productType = "com.apple.product-type.application";
		};
/* End PBXNativeTarget section */

/* Begin PBXProject section */
		3DDACBFE2219CC2000BBB7D3 /* Project object */ = {
			isa = PBXProject;
			attributes = {
				LastSwiftUpdateCheck = 1010;
				LastUpgradeCheck = 1010;
				ORGANIZATIONNAME = "Fatih durmaz";
				TargetAttributes = {
					3DDACC052219CC2000BBB7D3 = {
						CreatedOnToolsVersion = 10.1;
					};
				};
			};
			buildConfigurationList = 3DDACC012219CC2000BBB7D3 /* Build configuration list for PBXProject "TestMVC" */;
			compatibilityVersion = "Xcode 9.3";
			developmentRegion = en;
			hasScannedForEncodings = 0;
			knownRegions = (
				en,
				Base,
			);
			mainGroup = 3DDACBFD2219CC2000BBB7D3;
			productRefGroup = 3DDACC072219CC2000BBB7D3 /* Products */;
			projectDirPath = "";
			projectRoot = "";
			targets = (
				3DDACC052219CC2000BBB7D3 /* TestMVC */,
			);
		};
/* End PBXProject section */

/* Begin PBXResourcesBuildPhase section */
		3DDACC042219CC2000BBB7D3 /* Resources */ = {
			isa = PBXResourcesBuildPhase;
			buildActionMask = 2147483647;
			files = (
				3DDACC142219CC2100BBB7D3 /* LaunchScreen.storyboard in Resources */,
				3DDACC112219CC2100BBB7D3 /* Assets.xcassets in Resources */,
				3DDACC0F2219CC2000BBB7D3 /* Main.storyboard in Resources */,
			);
			runOnlyForDeploymentPostprocessing = 0;
		};
/* End PBXResourcesBuildPhase section */

/* Begin PBXSourcesBuildPhase section */
		3DDACC022219CC2000BBB7D3 /* Sources */ = {
			isa = PBXSourcesBuildPhase;
			buildActionMask = 2147483647;
			files = (
				3DDACC212219D30000BBB7D3 /* TestModel.swift in Sources */,
				3DDACC0C2219CC2000BBB7D3 /* ViewController.swift in Sources */,
				3DDACC232219D50500BBB7D3 /* StaticClass.swift in Sources */,
				3DDACC0A2219CC2000BBB7D3 /* AppDelegate.swift in Sources */,
			);
			runOnlyForDeploymentPostprocessing = 0;
		};
/* End PBXSourcesBuildPhase section */

/* Begin PBXVariantGroup section */
		3DDACC0D2219CC2000BBB7D3 /* Main.storyboard */ = {
			isa = PBXVariantGroup;
			children = (
				3DDACC0E2219CC2000BBB7D3 /* Base */,
			);
			name = Main.storyboard;
			sourceTree = "<group>";
		};
		3DDACC122219CC2100BBB7D3 /* LaunchScreen.storyboard */ = {
			isa = PBXVariantGroup;
			children = (
				3DDACC132219CC2100BBB7D3 /* Base */,
			);
			name = LaunchScreen.storyboard;
			sourceTree = "<group>";
		};
/* End PBXVariantGroup section */

/* Begin XCBuildConfiguration section */
		3DDACC162219CC2100BBB7D3 /* Debug */ = {
			isa = XCBuildConfiguration;
			buildSettings = {
				ALWAYS_SEARCH_USER_PATHS = NO;
				CLANG_ANALYZER_NONNULL = YES;
				CLANG_ANALYZER_NUMBER_OBJECT_CONVERSION = YES_AGGRESSIVE;
				CLANG_CXX_LANGUAGE_STANDARD = "gnu++14";
				CLANG_CXX_LIBRARY = "libc++";
				CLANG_ENABLE_MODULES = YES;
				CLANG_ENABLE_OBJC_ARC = YES;
				CLANG_ENABLE_OBJC_WEAK = YES;
				CLANG_WARN_BLOCK_CAPTURE_AUTORELEASING = YES;
				CLANG_WARN_BOOL_CONVERSION = YES;
				CLANG_WARN_COMMA = YES;
				CLANG_WARN_CONSTANT_CONVERSION = YES;
				CLANG_WARN_DEPRECATED_OBJC_IMPLEMENTATIONS = YES;
				CLANG_WARN_DIRECT_OBJC_ISA_USAGE = YES_ERROR;
				CLANG_WARN_DOCUMENTATION_COMMENTS = YES;
				CLANG_WARN_EMPTY_BODY = YES;
				CLANG_WARN_ENUM_CONVERSION = YES;
				CLANG_WARN_INFINITE_RECURSION = YES;
				CLANG_WARN_INT_CONVERSION = YES;
				CLANG_WARN_NON_LITERAL_NULL_CONVERSION = YES;
				CLANG_WARN_OBJC_IMPLICIT_RETAIN_SELF = YES;
				CLANG_WARN_OBJC_LITERAL_CONVERSION = YES;
				CLANG_WARN_OBJC_ROOT_CLASS = YES_ERROR;
				CLANG_WARN_RANGE_LOOP_ANALYSIS = YES;
				CLANG_WARN_STRICT_PROTOTYPES = YES;
				CLANG_WARN_SUSPICIOUS_MOVE = YES;
				CLANG_WARN_UNGUARDED_AVAILABILITY = YES_AGGRESSIVE;
				CLANG_WARN_UNREACHABLE_CODE = YES;
				CLANG_WARN__DUPLICATE_METHOD_MATCH = YES;
				CODE_SIGN_IDENTITY = "iPhone Developer";
				COPY_PHASE_STRIP = NO;
				DEBUG_INFORMATION_FORMAT = dwarf;
				ENABLE_STRICT_OBJC_MSGSEND = YES;
				ENABLE_TESTABILITY = YES;
				GCC_C_LANGUAGE_STANDARD = gnu11;
				GCC_DYNAMIC_NO_PIC = NO;
				GCC_NO_COMMON_BLOCKS = YES;
				GCC_OPTIMIZATION_LEVEL = 0;
				GCC_PREPROCESSOR_DEFINITIONS = (
					"DEBUG=1",
					"$(inherited)",
				);
				GCC_WARN_64_TO_32_BIT_CONVERSION = YES;
				GCC_WARN_ABOUT_RETURN_TYPE = YES_ERROR;
				GCC_WARN_UNDECLARED_SELECTOR = YES;
				GCC_WARN_UNINITIALIZED_AUTOS = YES_AGGRESSIVE;
				GCC_WARN_UNUSED_FUNCTION = YES;
				GCC_WARN_UNUSED_VARIABLE = YES;
				IPHONEOS_DEPLOYMENT_TARGET = 12.1;
				MTL_ENABLE_DEBUG_INFO = INCLUDE_SOURCE;
				MTL_FAST_MATH = YES;
				ONLY_ACTIVE_ARCH = YES;
				SDKROOT = iphoneos;
				SWIFT_ACTIVE_COMPILATION_CONDITIONS = DEBUG;
				SWIFT_OPTIMIZATION_LEVEL = "-Onone";
			};
			name = Debug;
		};
		3DDACC172219CC2100BBB7D3 /* Release */ = {
			isa = XCBuildConfiguration;
			buildSettings = {
				ALWAYS_SEARCH_USER_PATHS = NO;
				CLANG_ANALYZER_NONNULL = YES;
				CLANG_ANALYZER_NUMBER_OBJECT_CONVERSION = YES_AGGRESSIVE;
				CLANG_CXX_LANGUAGE_STANDARD = "gnu++14";
				CLANG_CXX_LIBRARY = "libc++";
				CLANG_ENABLE_MODULES = YES;
				CLANG_ENABLE_OBJC_ARC = YES;
				CLANG_ENABLE_OBJC_WEAK = YES;
				CLANG_WARN_BLOCK_CAPTURE_AUTORELEASING = YES;
				CLANG_WARN_BOOL_CONVERSION = YES;
				CLANG_WARN_COMMA = YES;
				CLANG_WARN_CONSTANT_CONVERSION = YES;
				CLANG_WARN_DEPRECATED_OBJC_IMPLEMENTATIONS = YES;
				CLANG_WARN_DIRECT_OBJC_ISA_USAGE = YES_ERROR;
				CLANG_WARN_DOCUMENTATION_COMMENTS = YES;
				CLANG_WARN_EMPTY_BODY = YES;
				CLANG_WARN_ENUM_CONVERSION = YES;
				CLANG_WARN_INFINITE_RECURSION = YES;
				CLANG_WARN_INT_CONVERSION = YES;
				CLANG_WARN_NON_LITERAL_NULL_CONVERSION = YES;
				CLANG_WARN_OBJC_IMPLICIT_RETAIN_SELF = YES;
				CLANG_WARN_OBJC_LITERAL_CONVERSION = YES;
				CLANG_WARN_OBJC_ROOT_CLASS = YES_ERROR;
				CLANG_WARN_RANGE_LOOP_ANALYSIS = YES;
				CLANG_WARN_STRICT_PROTOTYPES = YES;
				CLANG_WARN_SUSPICIOUS_MOVE = YES;
				CLANG_WARN_UNGUARDED_AVAILABILITY = YES_AGGRESSIVE;
				CLANG_WARN_UNREACHABLE_CODE = YES;
				CLANG_WARN__DUPLICATE_METHOD_MATCH = YES;
				CODE_SIGN_IDENTITY = "iPhone Developer";
				COPY_PHASE_STRIP = NO;
				DEBUG_INFORMATION_FORMAT = "dwarf-with-dsym";
				ENABLE_NS_ASSERTIONS = NO;
				ENABLE_STRICT_OBJC_MSGSEND = YES;
				GCC_C_LANGUAGE_STANDARD = gnu11;
				GCC_NO_COMMON_BLOCKS = YES;
				GCC_WARN_64_TO_32_BIT_CONVERSION = YES;
				GCC_WARN_ABOUT_RETURN_TYPE = YES_ERROR;
				GCC_WARN_UNDECLARED_SELECTOR = YES;
				GCC_WARN_UNINITIALIZED_AUTOS = YES_AGGRESSIVE;
				GCC_WARN_UNUSED_FUNCTION = YES;
				GCC_WARN_UNUSED_VARIABLE = YES;
				IPHONEOS_DEPLOYMENT_TARGET = 12.1;
				MTL_ENABLE_DEBUG_INFO = NO;
				MTL_FAST_MATH = YES;
				SDKROOT = iphoneos;
				SWIFT_COMPILATION_MODE = wholemodule;
				SWIFT_OPTIMIZATION_LEVEL = "-O";
				VALIDATE_PRODUCT = YES;
			};
			name = Release;
		};
		3DDACC192219CC2100BBB7D3 /* Debug */ = {
			isa = XCBuildConfiguration;
			buildSettings = {
				ASSETCATALOG_COMPILER_APPICON_NAME = AppIcon;
				CODE_SIGN_STYLE = Automatic;
				DEVELOPMENT_TEAM = 424QN454KN;
				INFOPLIST_FILE = TestMVCBahadir/Info.plist;
				LD_RUNPATH_SEARCH_PATHS = (
					"$(inherited)",
					"@executable_path/Frameworks",
				);
				PRODUCT_BUNDLE_IDENTIFIER = com.kodgem.TestMVC;
				PRODUCT_NAME = "$(TARGET_NAME)";
				SWIFT_VERSION = 4.2;
				TARGETED_DEVICE_FAMILY = "1,2";
			};
			name = Debug;
		};
		3DDACC1A2219CC2100BBB7D3 /* Release */ = {
			isa = XCBuildConfiguration;
			buildSettings = {
				ASSETCATALOG_COMPILER_APPICON_NAME = AppIcon;
				CODE_SIGN_STYLE = Automatic;
				DEVELOPMENT_TEAM = 424QN454KN;
				INFOPLIST_FILE = TestMVCBahadir/Info.plist;
				LD_RUNPATH_SEARCH_PATHS = (
					"$(inherited)",
					"@executable_path/Frameworks",
				);
				PRODUCT_BUNDLE_IDENTIFIER = com.kodgem.TestMVC;
				PRODUCT_NAME = "$(TARGET_NAME)";
				SWIFT_VERSION = 4.2;
				TARGETED_DEVICE_FAMILY = "1,2";
			};
			name = Release;
		};
/* End XCBuildConfiguration section */

/* Begin XCConfigurationList section */
		3DDACC012219CC2000BBB7D3 /* Build configuration list for PBXProject "TestMVC" */ = {
			isa = XCConfigurationList;
			buildConfigurations = (
				3DDACC162219CC2100BBB7D3 /* Debug */,
				3DDACC172219CC2100BBB7D3 /* Release */,
			);
			defaultConfigurationIsVisible = 0;
			defaultConfigurationName = Release;
		};
		3DDACC182219CC2100BBB7D3 /* Build configuration list for PBXNativeTarget "TestMVC" */ = {
			isa = XCConfigurationList;
			buildConfigurations = (
				3DDACC192219CC2100BBB7D3 /* Debug */,
				3DDACC1A2219CC2100BBB7D3 /* Release */,
			);
			defaultConfigurationIsVisible = 0;
			defaultConfigurationName = Release;
		};
/* End XCConfigurationList section */
	};
	rootObject = 3DDACBFE2219CC2000BBB7D3 /* Project object */;
}
